
Microsoft Visual Studio Solution File, Format Version 11.00
# Visual Studio 2010
Project("{FAE04EC0-301F-11D3-BF4B-00C04F79EFBC}") = "Cutter.Demo", "Cutter.Demo\Cutter.Demo.csproj", "{41B1DCA4-C1D7-4BB6-9943-3B4F0108B797}"
EndProject
Project("{FAE04EC0-301F-11D3-BF4B-00C04F79EFBC}") = "Cutter.Domain", "src\Cutter.Domain\Cutter.Domain.csproj", "{DC7F568B-1E07-4796-8929-350A45720F7D}"
EndProject
Global
	GlobalSection(SolutionConfigurationPlatforms) = preSolution
		Debug|Any CPU = Debug|Any CPU
		Release|Any CPU = Release|Any CPU
	EndGlobalSection
	GlobalSection(ProjectConfigurationPlatforms) = postSolution
		{41B1DCA4-C1D7-4BB6-9943-3B4F0108B797}.Debug|Any CPU.ActiveCfg = Debug|Any CPU
		{41B1DCA4-C1D7-4BB6-9943-3B4F0108B797}.Debug|Any CPU.Build.0 = Debug|Any CPU
		{41B1DCA4-C1D7-4BB6-9943-3B4F0108B797}.Release|Any CPU.ActiveCfg = Release|Any CPU
		{41B1DCA4-C1D7-4BB6-9943-3B4F0108B797}.Release|Any CPU.Build.0 = Release|Any CPU
		{DC7F568B-1E07-4796-8929-350A45720F7D}.Debug|Any CPU.ActiveCfg = Debug|Any CPU
		{DC7F568B-1E07-4796-8929-350A45720F7D}.Debug|Any CPU.Build.0 = Debug|Any CPU
		{DC7F568B-1E07-4796-8929-350A45720F7D}.Release|Any CPU.ActiveCfg = Release|Any CPU
		{DC7F568B-1E07-4796-8929-350A45720F7D}.Release|Any CPU.Build.0 = Release|Any CPU
	EndGlobalSection
	GlobalSection(SolutionProperties) = preSolution
		HideSolutionNode = FALSE
	EndGlobalSection
EndGlobal
